
Microsoft Visual Studio Solution File, Format Version 12.00
# Visual Studio Version 16
VisualStudioVersion = 16.0.30611.23
MinimumVisualStudioVersion = 10.0.40219.1
Project("{FAE04EC0-301F-11D3-BF4B-00C04F79EFBC}") = "PimaDoctor", "PimaDoctor\PimaDoctor.csproj", "{123A5B8D-79D6-4231-BA90-77712518086A}"
EndProject
Project("{FAE04EC0-301F-11D3-BF4B-00C04F79EFBC}") = "Tests", "Tests\Tests.csproj", "{A34EAC39-4A9D-49CD-89E3-9348FA5CBCE5}"
EndProject
Global
	GlobalSection(SolutionConfigurationPlatforms) = preSolution
		Debug|Any CPU = Debug|Any CPU
		Debug|x64 = Debug|x64
		Release|Any CPU = Release|Any CPU
		Release|x64 = Release|x64
	EndGlobalSection
	GlobalSection(ProjectConfigurationPlatforms) = postSolution
		{123A5B8D-79D6-4231-BA90-77712518086A}.Debug|Any CPU.ActiveCfg = Debug|Any CPU
		{123A5B8D-79D6-4231-BA90-77712518086A}.Debug|Any CPU.Build.0 = Debug|Any CPU
		{123A5B8D-79D6-4231-BA90-77712518086A}.Debug|x64.ActiveCfg = Debug|x64
		{123A5B8D-79D6-4231-BA90-77712518086A}.Debug|x64.Build.0 = Debug|x64
		{123A5B8D-79D6-4231-BA90-77712518086A}.Release|Any CPU.ActiveCfg = Release|Any CPU
		{123A5B8D-79D6-4231-BA90-77712518086A}.Release|Any CPU.Build.0 = Release|Any CPU
		{123A5B8D-79D6-4231-BA90-77712518086A}.Release|x64.ActiveCfg = Release|x64
		{123A5B8D-79D6-4231-BA90-77712518086A}.Release|x64.Build.0 = Release|x64
		{A34EAC39-4A9D-49CD-89E3-9348FA5CBCE5}.Debug|Any CPU.ActiveCfg = Debug|Any CPU
		{A34EAC39-4A9D-49CD-89E3-9348FA5CBCE5}.Debug|Any CPU.Build.0 = Debug|Any CPU
		{A34EAC39-4A9D-49CD-89E3-9348FA5CBCE5}.Debug|x64.ActiveCfg = Debug|Any CPU
		{A34EAC39-4A9D-49CD-89E3-9348FA5CBCE5}.Debug|x64.Build.0 = Debug|Any CPU
		{A34EAC39-4A9D-49CD-89E3-9348FA5CBCE5}.Release|Any CPU.ActiveCfg = Release|Any CPU
		{A34EAC39-4A9D-49CD-89E3-9348FA5CBCE5}.Release|Any CPU.Build.0 = Release|Any CPU
		{A34EAC39-4A9D-49CD-89E3-9348FA5CBCE5}.Release|x64.ActiveCfg = Release|Any CPU
		{A34EAC39-4A9D-49CD-89E3-9348FA5CBCE5}.Release|x64.Build.0 = Release|Any CPU
	EndGlobalSection
	GlobalSection(SolutionProperties) = preSolution
		HideSolutionNode = FALSE
	EndGlobalSection
	GlobalSection(ExtensibilityGlobals) = postSolution
		SolutionGuid = {9D8B2766-66FA-4F15-9D2F-C7B543B07DF3}
	EndGlobalSection
EndGlobal
